
Microsoft Visual Studio Solution File, Format Version 12.00
# Visual Studio Version 16
VisualStudioVersion = 16.0.31019.35
MinimumVisualStudioVersion = 10.0.40219.1
Project("{9A19103F-16F7-4668-BE54-9A1E7A4F7556}") = "Common", "src\Infrastructure.Common\Common.csproj", "{A8AA288D-7150-4A8F-AF55-77E288564467}"
EndProject
Project("{9A19103F-16F7-4668-BE54-9A1E7A4F7556}") = "Common.Tests", "src\Infrastructure.Common.Tests\Common.Tests\Common.Tests.csproj", "{7665B451-4E91-4FE9-8626-4FD611906311}"
EndProject
Project("{2150E333-8FDC-42A3-9474-1A3956D46DE8}") = "_SlnRoot", "_SlnRoot", "{25EEBCE9-13E7-4E07-B8C2-C8E36E0DD621}"
	ProjectSection(SolutionItems) = preProject
		nuget.config = nuget.config
		README.md = README.md
	EndProjectSection
EndProject
Global
	GlobalSection(SolutionConfigurationPlatforms) = preSolution
		Debug|Any CPU = Debug|Any CPU
		Release|Any CPU = Release|Any CPU
	EndGlobalSection
	GlobalSection(ProjectConfigurationPlatforms) = postSolution
		{A8AA288D-7150-4A8F-AF55-77E288564467}.Debug|Any CPU.ActiveCfg = Debug|Any CPU
		{A8AA288D-7150-4A8F-AF55-77E288564467}.Debug|Any CPU.Build.0 = Debug|Any CPU
		{A8AA288D-7150-4A8F-AF55-77E288564467}.Release|Any CPU.ActiveCfg = Release|Any CPU
		{A8AA288D-7150-4A8F-AF55-77E288564467}.Release|Any CPU.Build.0 = Release|Any CPU
		{7665B451-4E91-4FE9-8626-4FD611906311}.Debug|Any CPU.ActiveCfg = Debug|Any CPU
		{7665B451-4E91-4FE9-8626-4FD611906311}.Debug|Any CPU.Build.0 = Debug|Any CPU
		{7665B451-4E91-4FE9-8626-4FD611906311}.Release|Any CPU.ActiveCfg = Release|Any CPU
		{7665B451-4E91-4FE9-8626-4FD611906311}.Release|Any CPU.Build.0 = Release|Any CPU
	EndGlobalSection
	GlobalSection(SolutionProperties) = preSolution
		HideSolutionNode = FALSE
	EndGlobalSection
	GlobalSection(ExtensibilityGlobals) = postSolution
		SolutionGuid = {F07EE1BA-6910-4038-BB60-93A5A4C03EB5}
	EndGlobalSection
EndGlobal
